
Microsoft Visual Studio Solution File, Format Version 12.00
Project("{FAE04EC0-301F-11D3-BF4B-00C04F79EFBC}") = "CodeCool.BonusInTheAir", "CodeCool.BonusInTheAir\CodeCool.BonusInTheAir.csproj", "{1082573F-6B63-4F6D-B10D-12B3FFFF545B}"
EndProject
Global
	GlobalSection(SolutionConfigurationPlatforms) = preSolution
		Debug|Any CPU = Debug|Any CPU
		Release|Any CPU = Release|Any CPU
	EndGlobalSection
	GlobalSection(ProjectConfigurationPlatforms) = postSolution
		{1082573F-6B63-4F6D-B10D-12B3FFFF545B}.Debug|Any CPU.ActiveCfg = Debug|Any CPU
		{1082573F-6B63-4F6D-B10D-12B3FFFF545B}.Debug|Any CPU.Build.0 = Debug|Any CPU
		{1082573F-6B63-4F6D-B10D-12B3FFFF545B}.Release|Any CPU.ActiveCfg = Release|Any CPU
		{1082573F-6B63-4F6D-B10D-12B3FFFF545B}.Release|Any CPU.Build.0 = Release|Any CPU
	EndGlobalSection
EndGlobal
